<?xml version="1.0" encoding="utf-8"?>
<Project ToolsVersion="4.0" xmlns="http://schemas.microsoft.com/developer/msbuild/2003">
  <ItemGroup>
    <Filter Include="리소스 파일">
      <UniqueIdentifier>{67DA6AB6-F800-4c08-8B7A-83BB121AAD01}</UniqueIdentifier>
      <Extensions>rc;ico;cur;bmp;dlg;rc2;rct;bin;rgs;gif;jpg;jpeg;jpe;resx;tiff;tif;png;wav;mfcribbon-ms</Extensions>
    </Filter>
    <Filter Include="include">
      <UniqueIdentifier>{f605927a-2abf-4664-a88f-5e5de0d47757}</UniqueIdentifier>
    </Filter>
    <Filter Include="src">
      <UniqueIdentifier>{a71932a4-78e0-448a-aa61-c4a7b6dded63}</UniqueIdentifier>
    </Filter>
  </ItemGroup>
  <ItemGroup>
    <ClInclude Include="include\kw_.h">
      <Filter>include</Filter>
    </ClInclude>
    <ClInclude Include="src\kwapi.h">
      <Filter>src</Filter>
    </ClInclude>
  </ItemGroup>
  <ItemGroup>
    <ClCompile Include="src\kw_.cpp">
      <Filter>src</Filter>
    </ClCompile>
    <ClCompile Include="src\kwapi.cpp">
      <Filter>src</Filter>
    </ClCompile>
  </ItemGroup>
</Project>